
Microsoft Visual Studio Solution File, Format Version 12.00
# Visual Studio Version 16
VisualStudioVersion = 16.0.29728.190
MinimumVisualStudioVersion = 10.0.40219.1
Project("{9A19103F-16F7-4668-BE54-9A1E7A4F7556}") = "CareerCloudCore.UnitTests.Assignment5", "CareerCloudCore.UnitTests.Assignment5.csproj", "{AD1417A8-8C60-420C-8D8E-3FB3A1D41346}"
EndProject
Global
	GlobalSection(SolutionConfigurationPlatforms) = preSolution
		Debug|Any CPU = Debug|Any CPU
		Release|Any CPU = Release|Any CPU
	EndGlobalSection
	GlobalSection(ProjectConfigurationPlatforms) = postSolution
		{AD1417A8-8C60-420C-8D8E-3FB3A1D41346}.Debug|Any CPU.ActiveCfg = Debug|Any CPU
		{AD1417A8-8C60-420C-8D8E-3FB3A1D41346}.Debug|Any CPU.Build.0 = Debug|Any CPU
		{AD1417A8-8C60-420C-8D8E-3FB3A1D41346}.Release|Any CPU.ActiveCfg = Release|Any CPU
		{AD1417A8-8C60-420C-8D8E-3FB3A1D41346}.Release|Any CPU.Build.0 = Release|Any CPU
	EndGlobalSection
	GlobalSection(SolutionProperties) = preSolution
		HideSolutionNode = FALSE
	EndGlobalSection
	GlobalSection(ExtensibilityGlobals) = postSolution
		SolutionGuid = {91211013-82B1-4B5E-B075-DEEB6DC800B4}
	EndGlobalSection
EndGlobal
